
Microsoft Visual Studio Solution File, Format Version 12.00
# Visual Studio Version 17
VisualStudioVersion = 17.0.31903.59
MinimumVisualStudioVersion = 10.0.40219.1
Project("{2150E333-8FDC-42A3-9474-1A3956D46DE8}") = "src", "src", "{827E0CD3-B72D-47B6-A68D-7590B98EB39B}"
EndProject
Project("{FAE04EC0-301F-11D3-BF4B-00C04F79EFBC}") = "DeskTodo.Domain", "src\DeskTodo.Domain\DeskTodo.Domain.csproj", "{7F97835D-FFB9-4F38-A53F-85D46DD2A2B4}"
EndProject
Project("{FAE04EC0-301F-11D3-BF4B-00C04F79EFBC}") = "DeskTodo.Application", "src\DeskTodo.Application\DeskTodo.Application.csproj", "{18927D34-12AA-46B5-BAC5-0882161C58B1}"
EndProject
Project("{FAE04EC0-301F-11D3-BF4B-00C04F79EFBC}") = "DeskTodo.Infrastructure", "src\DeskTodo.Infrastructure\DeskTodo.Infrastructure.csproj", "{E4668354-C306-43DD-9C14-91C84DB294A1}"
EndProject
Project("{FAE04EC0-301F-11D3-BF4B-00C04F79EFBC}") = "DeskTodo.Platform.Windows", "src\DeskTodo.Platform.Windows\DeskTodo.Platform.Windows.csproj", "{2CAD030A-0F7F-4DB4-ABE5-4A441358D3DF}"
EndProject
Project("{FAE04EC0-301F-11D3-BF4B-00C04F79EFBC}") = "DeskTodo.Platform.Mac", "src\DeskTodo.Platform.Mac\DeskTodo.Platform.Mac.csproj", "{D834FAAC-C586-4E1F-B0D5-8BD582012A14}"
EndProject
Project("{FAE04EC0-301F-11D3-BF4B-00C04F79EFBC}") = "DeskTodo.App", "src\DeskTodo.App\DeskTodo.App.csproj", "{53FC4AC1-E6AE-4D3C-8E4A-88943470260D}"
EndProject
Project("{2150E333-8FDC-42A3-9474-1A3956D46DE8}") = "tests", "tests", "{0AB3BF05-4346-4AA6-1389-037BE0695223}"
EndProject
Project("{FAE04EC0-301F-11D3-BF4B-00C04F79EFBC}") = "DeskTodo.Tests", "tests\DeskTodo.Tests\DeskTodo.Tests.csproj", "{F5296D90-02FE-4608-AD1E-DD7305CDB043}"
EndProject
Project("{FAE04EC0-301F-11D3-BF4B-00C04F79EFBC}") = "DeskTodo.Cli", "src\DeskTodo.Cli\DeskTodo.Cli.csproj", "{B7239503-C869-4E20-9868-ADFB6B89B071}"
EndProject
Project("{FAE04EC0-301F-11D3-BF4B-00C04F79EFBC}") = "DeskTodo.Cli.Core", "src\DeskTodo.Cli.Core\DeskTodo.Cli.Core.csproj", "{3D8D80F6-1F3E-4E38-9337-434FC92BD677}"
EndProject
Global
	GlobalSection(SolutionConfigurationPlatforms) = preSolution
		Debug|Any CPU = Debug|Any CPU
		Debug|x64 = Debug|x64
		Debug|x86 = Debug|x86
		Release|Any CPU = Release|Any CPU
		Release|x64 = Release|x64
		Release|x86 = Release|x86
	EndGlobalSection
	GlobalSection(ProjectConfigurationPlatforms) = postSolution
		{7F97835D-FFB9-4F38-A53F-85D46DD2A2B4}.Debug|Any CPU.ActiveCfg = Debug|Any CPU
		{7F97835D-FFB9-4F38-A53F-85D46DD2A2B4}.Debug|Any CPU.Build.0 = Debug|Any CPU
		{7F97835D-FFB9-4F38-A53F-85D46DD2A2B4}.Debug|x64.ActiveCfg = Debug|Any CPU
		{7F97835D-FFB9-4F38-A53F-85D46DD2A2B4}.Debug|x64.Build.0 = Debug|Any CPU
		{7F97835D-FFB9-4F38-A53F-85D46DD2A2B4}.Debug|x86.ActiveCfg = Debug|Any CPU
		{7F97835D-FFB9-4F38-A53F-85D46DD2A2B4}.Debug|x86.Build.0 = Debug|Any CPU
		{7F97835D-FFB9-4F38-A53F-85D46DD2A2B4}.Release|Any CPU.ActiveCfg = Release|Any CPU
		{7F97835D-FFB9-4F38-A53F-85D46DD2A2B4}.Release|Any CPU.Build.0 = Release|Any CPU
		{7F97835D-FFB9-4F38-A53F-85D46DD2A2B4}.Release|x64.ActiveCfg = Release|Any CPU
		{7F97835D-FFB9-4F38-A53F-85D46DD2A2B4}.Release|x64.Build.0 = Release|Any CPU
		{7F97835D-FFB9-4F38-A53F-85D46DD2A2B4}.Release|x86.ActiveCfg = Release|Any CPU
		{7F97835D-FFB9-4F38-A53F-85D46DD2A2B4}.Release|x86.Build.0 = Release|Any CPU
		{18927D34-12AA-46B5-BAC5-0882161C58B1}.Debug|Any CPU.ActiveCfg = Debug|Any CPU
		{18927D34-12AA-46B5-BAC5-0882161C58B1}.Debug|Any CPU.Build.0 = Debug|Any CPU
		{18927D34-12AA-46B5-BAC5-0882161C58B1}.Debug|x64.ActiveCfg = Debug|Any CPU
		{18927D34-12AA-46B5-BAC5-0882161C58B1}.Debug|x64.Build.0 = Debug|Any CPU
		{18927D34-12AA-46B5-BAC5-0882161C58B1}.Debug|x86.ActiveCfg = Debug|Any CPU
		{18927D34-12AA-46B5-BAC5-0882161C58B1}.Debug|x86.Build.0 = Debug|Any CPU
		{18927D34-12AA-46B5-BAC5-0882161C58B1}.Release|Any CPU.ActiveCfg = Release|Any CPU
		{18927D34-12AA-46B5-BAC5-0882161C58B1}.Release|Any CPU.Build.0 = Release|Any CPU
		{18927D34-12AA-46B5-BAC5-0882161C58B1}.Release|x64.ActiveCfg = Release|Any CPU
		{18927D34-12AA-46B5-BAC5-0882161C58B1}.Release|x64.Build.0 = Release|Any CPU
		{18927D34-12AA-46B5-BAC5-0882161C58B1}.Release|x86.ActiveCfg = Release|Any CPU
		{18927D34-12AA-46B5-BAC5-0882161C58B1}.Release|x86.Build.0 = Release|Any CPU
		{E4668354-C306-43DD-9C14-91C84DB294A1}.Debug|Any CPU.ActiveCfg = Debug|Any CPU
		{E4668354-C306-43DD-9C14-91C84DB294A1}.Debug|Any CPU.Build.0 = Debug|Any CPU
		{E4668354-C306-43DD-9C14-91C84DB294A1}.Debug|x64.ActiveCfg = Debug|Any CPU
		{E4668354-C306-43DD-9C14-91C84DB294A1}.Debug|x64.Build.0 = Debug|Any CPU
		{E4668354-C306-43DD-9C14-91C84DB294A1}.Debug|x86.ActiveCfg = Debug|Any CPU
		{E4668354-C306-43DD-9C14-91C84DB294A1}.Debug|x86.Build.0 = Debug|Any CPU
		{E4668354-C306-43DD-9C14-91C84DB294A1}.Release|Any CPU.ActiveCfg = Release|Any CPU
		{E4668354-C306-43DD-9C14-91C84DB294A1}.Release|Any CPU.Build.0 = Release|Any CPU
		{E4668354-C306-43DD-9C14-91C84DB294A1}.Release|x64.ActiveCfg = Release|Any CPU
		{E4668354-C306-43DD-9C14-91C84DB294A1}.Release|x64.Build.0 = Release|Any CPU
		{E4668354-C306-43DD-9C14-91C84DB294A1}.Release|x86.ActiveCfg = Release|Any CPU
		{E4668354-C306-43DD-9C14-91C84DB294A1}.Release|x86.Build.0 = Release|Any CPU
		{2CAD030A-0F7F-4DB4-ABE5-4A441358D3DF}.Debug|Any CPU.ActiveCfg = Debug|Any CPU
		{2CAD030A-0F7F-4DB4-ABE5-4A441358D3DF}.Debug|Any CPU.Build.0 = Debug|Any CPU
		{2CAD030A-0F7F-4DB4-ABE5-4A441358D3DF}.Debug|x64.ActiveCfg = Debug|Any CPU
		{2CAD030A-0F7F-4DB4-ABE5-4A441358D3DF}.Debug|x64.Build.0 = Debug|Any CPU
		{2CAD030A-0F7F-4DB4-ABE5-4A441358D3DF}.Debug|x86.ActiveCfg = Debug|Any CPU
		{2CAD030A-0F7F-4DB4-ABE5-4A441358D3DF}.Debug|x86.Build.0 = Debug|Any CPU
		{2CAD030A-0F7F-4DB4-ABE5-4A441358D3DF}.Release|Any CPU.ActiveCfg = Release|Any CPU
		{2CAD030A-0F7F-4DB4-ABE5-4A441358D3DF}.Release|Any CPU.Build.0 = Release|Any CPU
		{2CAD030A-0F7F-4DB4-ABE5-4A441358D3DF}.Release|x64.ActiveCfg = Release|Any CPU
		{2CAD030A-0F7F-4DB4-ABE5-4A441358D3DF}.Release|x64.Build.0 = Release|Any CPU
		{2CAD030A-0F7F-4DB4-ABE5-4A441358D3DF}.Release|x86.ActiveCfg = Release|Any CPU
		{2CAD030A-0F7F-4DB4-ABE5-4A441358D3DF}.Release|x86.Build.0 = Release|Any CPU
		{D834FAAC-C586-4E1F-B0D5-8BD582012A14}.Debug|Any CPU.ActiveCfg = Debug|Any CPU
		{D834FAAC-C586-4E1F-B0D5-8BD582012A14}.Debug|Any CPU.Build.0 = Debug|Any CPU
		{D834FAAC-C586-4E1F-B0D5-8BD582012A14}.Debug|x64.ActiveCfg = Debug|Any CPU
		{D834FAAC-C586-4E1F-B0D5-8BD582012A14}.Debug|x64.Build.0 = Debug|Any CPU
		{D834FAAC-C586-4E1F-B0D5-8BD582012A14}.Debug|x86.ActiveCfg = Debug|Any CPU
		{D834FAAC-C586-4E1F-B0D5-8BD582012A14}.Debug|x86.Build.0 = Debug|Any CPU
		{D834FAAC-C586-4E1F-B0D5-8BD582012A14}.Release|Any CPU.ActiveCfg = Release|Any CPU
		{D834FAAC-C586-4E1F-B0D5-8BD582012A14}.Release|Any CPU.Build.0 = Release|Any CPU
		{D834FAAC-C586-4E1F-B0D5-8BD582012A14}.Release|x64.ActiveCfg = Release|Any CPU
		{D834FAAC-C586-4E1F-B0D5-8BD582012A14}.Release|x64.Build.0 = Release|Any CPU
		{D834FAAC-C586-4E1F-B0D5-8BD582012A14}.Release|x86.ActiveCfg = Release|Any CPU
		{D834FAAC-C586-4E1F-B0D5-8BD582012A14}.Release|x86.Build.0 = Release|Any CPU
		{53FC4AC1-E6AE-4D3C-8E4A-88943470260D}.Debug|Any CPU.ActiveCfg = Debug|Any CPU
		{53FC4AC1-E6AE-4D3C-8E4A-88943470260D}.Debug|Any CPU.Build.0 = Debug|Any CPU
		{53FC4AC1-E6AE-4D3C-8E4A-88943470260D}.Debug|x64.ActiveCfg = Debug|Any CPU
		{53FC4AC1-E6AE-4D3C-8E4A-88943470260D}.Debug|x64.Build.0 = Debug|Any CPU
		{53FC4AC1-E6AE-4D3C-8E4A-88943470260D}.Debug|x86.ActiveCfg = Debug|Any CPU
		{53FC4AC1-E6AE-4D3C-8E4A-88943470260D}.Debug|x86.Build.0 = Debug|Any CPU
		{53FC4AC1-E6AE-4D3C-8E4A-88943470260D}.Release|Any CPU.ActiveCfg = Release|Any CPU
		{53FC4AC1-E6AE-4D3C-8E4A-88943470260D}.Release|Any CPU.Build.0 = Release|Any CPU
		{53FC4AC1-E6AE-4D3C-8E4A-88943470260D}.Release|x64.ActiveCfg = Release|Any CPU
		{53FC4AC1-E6AE-4D3C-8E4A-88943470260D}.Release|x64.Build.0 = Release|Any CPU
		{53FC4AC1-E6AE-4D3C-8E4A-88943470260D}.Release|x86.ActiveCfg = Release|Any CPU
		{53FC4AC1-E6AE-4D3C-8E4A-88943470260D}.Release|x86.Build.0 = Release|Any CPU
		{F5296D90-02FE-4608-AD1E-DD7305CDB043}.Debug|Any CPU.ActiveCfg = Debug|Any CPU
		{F5296D90-02FE-4608-AD1E-DD7305CDB043}.Debug|Any CPU.Build.0 = Debug|Any CPU
		{F5296D90-02FE-4608-AD1E-DD7305CDB043}.Debug|x64.ActiveCfg = Debug|Any CPU
		{F5296D90-02FE-4608-AD1E-DD7305CDB043}.Debug|x64.Build.0 = Debug|Any CPU
		{F5296D90-02FE-4608-AD1E-DD7305CDB043}.Debug|x86.ActiveCfg = Debug|Any CPU
		{F5296D90-02FE-4608-AD1E-DD7305CDB043}.Debug|x86.Build.0 = Debug|Any CPU
		{F5296D90-02FE-4608-AD1E-DD7305CDB043}.Release|Any CPU.ActiveCfg = Release|Any CPU
		{F5296D90-02FE-4608-AD1E-DD7305CDB043}.Release|Any CPU.Build.0 = Release|Any CPU
		{F5296D90-02FE-4608-AD1E-DD7305CDB043}.Release|x64.ActiveCfg = Release|Any CPU
		{F5296D90-02FE-4608-AD1E-DD7305CDB043}.Release|x64.Build.0 = Release|Any CPU
		{F5296D90-02FE-4608-AD1E-DD7305CDB043}.Release|x86.ActiveCfg = Release|Any CPU
		{F5296D90-02FE-4608-AD1E-DD7305CDB043}.Release|x86.Build.0 = Release|Any CPU
		{B7239503-C869-4E20-9868-ADFB6B89B071}.Debug|Any CPU.ActiveCfg = Debug|Any CPU
		{B7239503-C869-4E20-9868-ADFB6B89B071}.Debug|Any CPU.Build.0 = Debug|Any CPU
		{B7239503-C869-4E20-9868-ADFB6B89B071}.Debug|x64.ActiveCfg = Debug|Any CPU
		{B7239503-C869-4E20-9868-ADFB6B89B071}.Debug|x64.Build.0 = Debug|Any CPU
		{B7239503-C869-4E20-9868-ADFB6B89B071}.Debug|x86.ActiveCfg = Debug|Any CPU
		{B7239503-C869-4E20-9868-ADFB6B89B071}.Debug|x86.Build.0 = Debug|Any CPU
		{B7239503-C869-4E20-9868-ADFB6B89B071}.Release|Any CPU.ActiveCfg = Release|Any CPU
		{B7239503-C869-4E20-9868-ADFB6B89B071}.Release|Any CPU.Build.0 = Release|Any CPU
		{B7239503-C869-4E20-9868-ADFB6B89B071}.Release|x64.ActiveCfg = Release|Any CPU
		{B7239503-C869-4E20-9868-ADFB6B89B071}.Release|x64.Build.0 = Release|Any CPU
		{B7239503-C869-4E20-9868-ADFB6B89B071}.Release|x86.ActiveCfg = Release|Any CPU
		{B7239503-C869-4E20-9868-ADFB6B89B071}.Release|x86.Build.0 = Release|Any CPU
		{3D8D80F6-1F3E-4E38-9337-434FC92BD677}.Debug|Any CPU.ActiveCfg = Debug|Any CPU
		{3D8D80F6-1F3E-4E38-9337-434FC92BD677}.Debug|Any CPU.Build.0 = Debug|Any CPU
		{3D8D80F6-1F3E-4E38-9337-434FC92BD677}.Debug|x64.ActiveCfg = Debug|Any CPU
		{3D8D80F6-1F3E-4E38-9337-434FC92BD677}.Debug|x64.Build.0 = Debug|Any CPU
		{3D8D80F6-1F3E-4E38-9337-434FC92BD677}.Debug|x86.ActiveCfg = Debug|Any CPU
		{3D8D80F6-1F3E-4E38-9337-434FC92BD677}.Debug|x86.Build.0 = Debug|Any CPU
		{3D8D80F6-1F3E-4E38-9337-434FC92BD677}.Release|Any CPU.ActiveCfg = Release|Any CPU
		{3D8D80F6-1F3E-4E38-9337-434FC92BD677}.Release|Any CPU.Build.0 = Release|Any CPU
		{3D8D80F6-1F3E-4E38-9337-434FC92BD677}.Release|x64.ActiveCfg = Release|Any CPU
		{3D8D80F6-1F3E-4E38-9337-434FC92BD677}.Release|x64.Build.0 = Release|Any CPU
		{3D8D80F6-1F3E-4E38-9337-434FC92BD677}.Release|x86.ActiveCfg = Release|Any CPU
		{3D8D80F6-1F3E-4E38-9337-434FC92BD677}.Release|x86.Build.0 = Release|Any CPU
	EndGlobalSection
	GlobalSection(SolutionProperties) = preSolution
		HideSolutionNode = FALSE
	EndGlobalSection
	GlobalSection(NestedProjects) = preSolution
		{7F97835D-FFB9-4F38-A53F-85D46DD2A2B4} = {827E0CD3-B72D-47B6-A68D-7590B98EB39B}
		{18927D34-12AA-46B5-BAC5-0882161C58B1} = {827E0CD3-B72D-47B6-A68D-7590B98EB39B}
		{E4668354-C306-43DD-9C14-91C84DB294A1} = {827E0CD3-B72D-47B6-A68D-7590B98EB39B}
		{2CAD030A-0F7F-4DB4-ABE5-4A441358D3DF} = {827E0CD3-B72D-47B6-A68D-7590B98EB39B}
		{D834FAAC-C586-4E1F-B0D5-8BD582012A14} = {827E0CD3-B72D-47B6-A68D-7590B98EB39B}
		{53FC4AC1-E6AE-4D3C-8E4A-88943470260D} = {827E0CD3-B72D-47B6-A68D-7590B98EB39B}
		{F5296D90-02FE-4608-AD1E-DD7305CDB043} = {0AB3BF05-4346-4AA6-1389-037BE0695223}
		{B7239503-C869-4E20-9868-ADFB6B89B071} = {827E0CD3-B72D-47B6-A68D-7590B98EB39B}
		{3D8D80F6-1F3E-4E38-9337-434FC92BD677} = {827E0CD3-B72D-47B6-A68D-7590B98EB39B}
	EndGlobalSection
EndGlobal
